
Microsoft Visual Studio Solution File, Format Version 12.00
# Visual Studio Version 17
VisualStudioVersion = 17.10.34928.147
MinimumVisualStudioVersion = 10.0.40219.1
Project("{9A19103F-16F7-4668-BE54-9A1E7A4F7556}") = "ConsoleAppProject", "ConsoleAppProject\ConsoleAppProject.csproj", "{F1589547-6259-46C5-9DBE-922EEA014730}"
EndProject
Global
	GlobalSection(SolutionConfigurationPlatforms) = preSolution
		Debug|Any CPU = Debug|Any CPU
		Release|Any CPU = Release|Any CPU
	EndGlobalSection
	GlobalSection(ProjectConfigurationPlatforms) = postSolution
		{F1589547-6259-46C5-9DBE-922EEA014730}.Debug|Any CPU.ActiveCfg = Debug|Any CPU
		{F1589547-6259-46C5-9DBE-922EEA014730}.Debug|Any CPU.Build.0 = Debug|Any CPU
		{F1589547-6259-46C5-9DBE-922EEA014730}.Release|Any CPU.ActiveCfg = Release|Any CPU
		{F1589547-6259-46C5-9DBE-922EEA014730}.Release|Any CPU.Build.0 = Release|Any CPU
	EndGlobalSection
	GlobalSection(SolutionProperties) = preSolution
		HideSolutionNode = FALSE
	EndGlobalSection
	GlobalSection(ExtensibilityGlobals) = postSolution
		SolutionGuid = {AC66056E-A43A-4C8C-92BD-F14FCAD79A81}
	EndGlobalSection
EndGlobal
